
Microsoft Visual Studio Solution File, Format Version 12.00
# Visual Studio Version 17
VisualStudioVersion = 17.7.34018.315
MinimumVisualStudioVersion = 10.0.40219.1
Project("{FAE04EC0-301F-11D3-BF4B-00C04F79EFBC}") = "C# Fundamentals", "C# Fundamentals\C# Fundamentals.csproj", "{44E31566-33D8-4C2B-8CAB-4B86CE6E1EFC}"
EndProject
Project("{2150E333-8FDC-42A3-9474-1A3956D46DE8}") = "Solution Items", "Solution Items", "{68D1869A-8716-42BD-909B-011CF7E9881A}"
	ProjectSection(SolutionItems) = preProject
		.editorconfig = .editorconfig
	EndProjectSection
EndProject
Global
	GlobalSection(SolutionConfigurationPlatforms) = preSolution
		Debug|Any CPU = Debug|Any CPU
		Release|Any CPU = Release|Any CPU
	EndGlobalSection
	GlobalSection(ProjectConfigurationPlatforms) = postSolution
		{44E31566-33D8-4C2B-8CAB-4B86CE6E1EFC}.Debug|Any CPU.ActiveCfg = Debug|Any CPU
		{44E31566-33D8-4C2B-8CAB-4B86CE6E1EFC}.Debug|Any CPU.Build.0 = Debug|Any CPU
		{44E31566-33D8-4C2B-8CAB-4B86CE6E1EFC}.Release|Any CPU.ActiveCfg = Release|Any CPU
		{44E31566-33D8-4C2B-8CAB-4B86CE6E1EFC}.Release|Any CPU.Build.0 = Release|Any CPU
	EndGlobalSection
	GlobalSection(SolutionProperties) = preSolution
		HideSolutionNode = FALSE
	EndGlobalSection
	GlobalSection(ExtensibilityGlobals) = postSolution
		SolutionGuid = {E465DFD7-1B44-44B5-B1CC-3A11F960F603}
	EndGlobalSection
EndGlobal
